
Microsoft Visual Studio Solution File, Format Version 12.00
# Visual Studio Version 16
VisualStudioVersion = 16.0.35130.168
MinimumVisualStudioVersion = 10.0.40219.1
Project("{FAE04EC0-301F-11D3-BF4B-00C04F79EFBC}") = "ConsoleDemo_Renovate", "ConsoleDemo_Renovate\ConsoleDemo_Renovate.csproj", "{31A38FA2-6D7A-4B30-9439-4CE5E9399D1D}"
EndProject
Global
	GlobalSection(SolutionConfigurationPlatforms) = preSolution
		Debug|Any CPU = Debug|Any CPU
		Release|Any CPU = Release|Any CPU
	EndGlobalSection
	GlobalSection(ProjectConfigurationPlatforms) = postSolution
		{31A38FA2-6D7A-4B30-9439-4CE5E9399D1D}.Debug|Any CPU.ActiveCfg = Debug|Any CPU
		{31A38FA2-6D7A-4B30-9439-4CE5E9399D1D}.Debug|Any CPU.Build.0 = Debug|Any CPU
		{31A38FA2-6D7A-4B30-9439-4CE5E9399D1D}.Release|Any CPU.ActiveCfg = Release|Any CPU
		{31A38FA2-6D7A-4B30-9439-4CE5E9399D1D}.Release|Any CPU.Build.0 = Release|Any CPU
	EndGlobalSection
	GlobalSection(SolutionProperties) = preSolution
		HideSolutionNode = FALSE
	EndGlobalSection
	GlobalSection(ExtensibilityGlobals) = postSolution
		SolutionGuid = {A6B6CD7C-D6ED-45B4-B76F-FF09D432C341}
	EndGlobalSection
EndGlobal
